
Microsoft Visual Studio Solution File, Format Version 12.00
# Visual Studio Version 17
VisualStudioVersion = 17.0.31717.71
MinimumVisualStudioVersion = 10.0.40219.1
Project("{FAE04EC0-301F-11D3-BF4B-00C04F79EFBC}") = "Delegates Home Work", "Delegates Home Work\Delegates Home Work.csproj", "{5F93FAF8-A4F9-4D2B-A29D-BC59C7702407}"
EndProject
Project("{FAE04EC0-301F-11D3-BF4B-00C04F79EFBC}") = "Add And Sub", "Add And Sub\Add And Sub.csproj", "{9102A64A-655B-4C8B-A0F2-45531494C130}"
EndProject
Global
	GlobalSection(SolutionConfigurationPlatforms) = preSolution
		Debug|Any CPU = Debug|Any CPU
		Release|Any CPU = Release|Any CPU
	EndGlobalSection
	GlobalSection(ProjectConfigurationPlatforms) = postSolution
		{5F93FAF8-A4F9-4D2B-A29D-BC59C7702407}.Debug|Any CPU.ActiveCfg = Debug|Any CPU
		{5F93FAF8-A4F9-4D2B-A29D-BC59C7702407}.Debug|Any CPU.Build.0 = Debug|Any CPU
		{5F93FAF8-A4F9-4D2B-A29D-BC59C7702407}.Release|Any CPU.ActiveCfg = Release|Any CPU
		{5F93FAF8-A4F9-4D2B-A29D-BC59C7702407}.Release|Any CPU.Build.0 = Release|Any CPU
		{9102A64A-655B-4C8B-A0F2-45531494C130}.Debug|Any CPU.ActiveCfg = Debug|Any CPU
		{9102A64A-655B-4C8B-A0F2-45531494C130}.Debug|Any CPU.Build.0 = Debug|Any CPU
		{9102A64A-655B-4C8B-A0F2-45531494C130}.Release|Any CPU.ActiveCfg = Release|Any CPU
		{9102A64A-655B-4C8B-A0F2-45531494C130}.Release|Any CPU.Build.0 = Release|Any CPU
	EndGlobalSection
	GlobalSection(SolutionProperties) = preSolution
		HideSolutionNode = FALSE
	EndGlobalSection
	GlobalSection(ExtensibilityGlobals) = postSolution
		SolutionGuid = {298F4F0E-5F3B-4E52-9AAD-2223E65CEF43}
	EndGlobalSection
EndGlobal
